# THIS IS AN AUTOGENERATED FILE. DO NOT EDIT THIS FILE DIRECTLY.
# yarn lockfile v1


"101@^0.6.0":
  version "0.6.0"
  resolved "https://registry.yarnpkg.com/101/-/101-0.6.0.tgz#5021dfc6e358a8de182a32ac038de272ddb95c0a"
  dependencies:
    clone "^0.1.17"
    deep-eql "^0.1.3"
    keypather "^1.6.0"

"101@^0.8.2":
  version "0.8.2"
  resolved "https://registry.yarnpkg.com/101/-/101-0.8.2.tgz#4d7b5d98ddabf61cfa96d0e5102357d60147c516"
  dependencies:
    clone "^0.1.18"
    deep-eql "^0.1.3"
    extend "^1.3.0"
    keypather "^1.8.1"

"101@^1.0.0":
  version "1.6.2"
  resolved "https://registry.yarnpkg.com/101/-/101-1.6.2.tgz#43cb51db1a400443de2929ec9c788144d56b57e8"
  dependencies:
    clone "^1.0.2"
    deep-eql "^0.1.3"
    keypather "^1.10.2"

accepts@~1.0.7:
  version "1.0.7"
  resolved "https://registry.yarnpkg.com/accepts/-/accepts-1.0.7.tgz#5b501fb4f0704309964ccdb048172541208dab1a"
  dependencies:
    mime-types "~1.0.0"
    negotiator "0.4.7"

ajv@^4.9.1:
  version "4.11.5"
  resolved "https://registry.yarnpkg.com/ajv/-/ajv-4.11.5.tgz#b6ee74657b993a01dce44b7944d56f485828d5bd"
  dependencies:
    co "^4.6.0"
    json-stable-stringify "^1.0.1"

amdefine@>=0.0.4:
  version "1.0.1"
  resolved "https://registry.yarnpkg.com/amdefine/-/amdefine-1.0.1.tgz#4a5282ac164729e93619bcfd3ad151f817ce91f5"

ansi-regex@^0.2.0, ansi-regex@^0.2.1:
  version "0.2.1"
  resolved "https://registry.yarnpkg.com/ansi-regex/-/ansi-regex-0.2.1.tgz#0d8e946967a3d8143f93e24e298525fc1b2235f9"

ansi-styles@^1.1.0:
  version "1.1.0"
  resolved "https://registry.yarnpkg.com/ansi-styles/-/ansi-styles-1.1.0.tgz#eaecbf66cd706882760b2f4691582b8f55d7a7de"

"argparse@~ 1.0.0":
  version "1.0.9"
  resolved "https://registry.yarnpkg.com/argparse/-/argparse-1.0.9.tgz#73d83bc263f86e97f8cc4f6bae1b0e90a7d22c86"
  dependencies:
    sprintf-js "~1.0.2"

asn1@~0.2.3:
  version "0.2.3"
  resolved "https://registry.yarnpkg.com/asn1/-/asn1-0.2.3.tgz#dac8787713c9966849fc8180777ebe9c1ddf3b86"

assert-plus@^0.2.0:
  version "0.2.0"
  resolved "https://registry.yarnpkg.com/assert-plus/-/assert-plus-0.2.0.tgz#d74e1b87e7affc0db8aadb7021f3fe48101ab234"

assert-plus@^1.0.0:
  version "1.0.0"
  resolved "https://registry.yarnpkg.com/assert-plus/-/assert-plus-1.0.0.tgz#f12e0f3c5d77b0b1cdd9146942e4e96c1e4dd525"

assertion-error@1.0.0:
  version "1.0.0"
  resolved "https://registry.yarnpkg.com/assertion-error/-/assertion-error-1.0.0.tgz#c7f85438fdd466bc7ca16ab90c81513797a5d23b"

async@*:
  version "2.1.5"
  resolved "https://registry.yarnpkg.com/async/-/async-2.1.5.tgz#e587c68580994ac67fc56ff86d3ac56bdbe810bc"
  dependencies:
    lodash "^4.14.0"

async@~0.2.6:
  version "0.2.10"
  resolved "https://registry.yarnpkg.com/async/-/async-0.2.10.tgz#b6bbe0b0674b9d719708ca38de8c237cb526c3d1"

asynckit@^0.4.0:
  version "0.4.0"
  resolved "https://registry.yarnpkg.com/asynckit/-/asynckit-0.4.0.tgz#c79ed97f7f34cb8f2ba1bc9790bcc366474b4b79"

aws-sign2@~0.6.0:
  version "0.6.0"
  resolved "https://registry.yarnpkg.com/aws-sign2/-/aws-sign2-0.6.0.tgz#14342dd38dbcc94d0e5b87d763cd63612c0e794f"

aws4@^1.2.1:
  version "1.6.0"
  resolved "https://registry.yarnpkg.com/aws4/-/aws4-1.6.0.tgz#83ef5ca860b2b32e4a0deedee8c771b9db57471e"

balanced-match@^0.4.1:
  version "0.4.2"
  resolved "https://registry.yarnpkg.com/balanced-match/-/balanced-match-0.4.2.tgz#cb3f3e3c732dc0f01ee70b403f302e61d7709838"

basic-auth@~1.1.0:
  version "1.1.0"
  resolved "https://registry.yarnpkg.com/basic-auth/-/basic-auth-1.1.0.tgz#45221ee429f7ee1e5035be3f51533f1cdfd29884"

bcrypt-pbkdf@^1.0.0:
  version "1.0.1"
  resolved "https://registry.yarnpkg.com/bcrypt-pbkdf/-/bcrypt-pbkdf-1.0.1.tgz#63bc5dcb61331b92bc05fd528953c33462a06f8d"
  dependencies:
    tweetnacl "^0.14.3"

body-parser@1.5.2:
  version "1.5.2"
  resolved "https://registry.yarnpkg.com/body-parser/-/body-parser-1.5.2.tgz#beebacac741b83f62c9137d5685196e1a44304ab"
  dependencies:
    bytes "1.0.0"
    depd "0.4.4"
    iconv-lite "0.4.4"
    media-typer "0.2.0"
    qs "0.6.6"
    raw-body "1.3.0"
    type-is "~1.3.2"

boom@2.x.x, boom@~2.4.0:
  version "2.4.2"
  resolved "https://registry.yarnpkg.com/boom/-/boom-2.4.2.tgz#ee85268b06d909a140081a408b2148a255193eb1"
  dependencies:
    hoek "2.x.x"

bossy@1.x.x:
  version "1.0.3"
  resolved "https://registry.yarnpkg.com/bossy/-/bossy-1.0.3.tgz#a7d2478ae0c2df75f47098b9bad7bd641eed5faf"
  dependencies:
    hoek "2.x.x"

brace-expansion@^1.0.0:
  version "1.1.6"
  resolved "https://registry.yarnpkg.com/brace-expansion/-/brace-expansion-1.1.6.tgz#7197d7eaa9b87e648390ea61fc66c84427420df9"
  dependencies:
    balanced-match "^0.4.1"
    concat-map "0.0.1"

buffer-crc32@0.2.3:
  version "0.2.3"
  resolved "https://registry.yarnpkg.com/buffer-crc32/-/buffer-crc32-0.2.3.tgz#bb54519e95d107cbd2400e76d0cab1467336d921"

buffer-shims@^1.0.0:
  version "1.0.0"
  resolved "https://registry.yarnpkg.com/buffer-shims/-/buffer-shims-1.0.0.tgz#9978ce317388c649ad8793028c3477ef044a8b51"

bytes@1, bytes@1.0.0:
  version "1.0.0"
  resolved "https://registry.yarnpkg.com/bytes/-/bytes-1.0.0.tgz#3569ede8ba34315fab99c3e92cb04c7220de1fa8"

callback-count@0.0.3:
  version "0.0.3"
  resolved "https://registry.yarnpkg.com/callback-count/-/callback-count-0.0.3.tgz#b3abfa8767c248bc834f13c92e488356ddce9f5c"

caseless@~0.12.0:
  version "0.12.0"
  resolved "https://registry.yarnpkg.com/caseless/-/caseless-0.12.0.tgz#1b681c21ff84033c826543090689420d187151dc"

chai@1.x.x:
  version "1.10.0"
  resolved "https://registry.yarnpkg.com/chai/-/chai-1.10.0.tgz#e4031cc87654461a75943e5a35ab46eaf39c1eb9"
  dependencies:
    assertion-error "1.0.0"
    deep-eql "0.1.3"

chalk@~0.5.1:
  version "0.5.1"
  resolved "https://registry.yarnpkg.com/chalk/-/chalk-0.5.1.tgz#663b3a648b68b55d04690d49167aa837858f2174"
  dependencies:
    ansi-styles "^1.1.0"
    escape-string-regexp "^1.0.0"
    has-ansi "^0.1.0"
    strip-ansi "^0.3.0"
    supports-color "^0.2.0"

clone@^0.1.17, clone@^0.1.18:
  version "0.1.19"
  resolved "https://registry.yarnpkg.com/clone/-/clone-0.1.19.tgz#613fb68639b26a494ac53253e15b1a6bd88ada85"

clone@^1.0.2:
  version "1.0.2"
  resolved "https://registry.yarnpkg.com/clone/-/clone-1.0.2.tgz#260b7a99ebb1edfe247538175f783243cb19d149"

co@^4.6.0:
  version "4.6.0"
  resolved "https://registry.yarnpkg.com/co/-/co-4.6.0.tgz#6ea6bdf3d853ae54ccb8e47bfa0bf3f9031fb184"

combined-stream@^1.0.5, combined-stream@~1.0.5:
  version "1.0.5"
  resolved "https://registry.yarnpkg.com/combined-stream/-/combined-stream-1.0.5.tgz#938370a57b4a51dea2c77c15d5c5fdf895164009"
  dependencies:
    delayed-stream "~1.0.0"

component-emitter@^1.2.0:
  version "1.2.1"
  resolved "https://registry.yarnpkg.com/component-emitter/-/component-emitter-1.2.1.tgz#137918d6d78283f7df7a6b7c5a63e140e69425e6"

concat-map@0.0.1:
  version "0.0.1"
  resolved "https://registry.yarnpkg.com/concat-map/-/concat-map-0.0.1.tgz#d8a96bd77fd68df7793a73036a3ba0d5405d477b"

cookie-signature@1.0.4:
  version "1.0.4"
  resolved "https://registry.yarnpkg.com/cookie-signature/-/cookie-signature-1.0.4.tgz#0edd22286e3a111b9a2a70db363e925e867f6aca"

cookie@0.1.2:
  version "0.1.2"
  resolved "https://registry.yarnpkg.com/cookie/-/cookie-0.1.2.tgz#72fec3d24e48a3432073d90c12642005061004b1"

cookiejar@^2.0.6:
  version "2.1.0"
  resolved "https://registry.yarnpkg.com/cookiejar/-/cookiejar-2.1.0.tgz#86549689539b6d0e269b6637a304be508194d898"

core-util-is@~1.0.0:
  version "1.0.2"
  resolved "https://registry.yarnpkg.com/core-util-is/-/core-util-is-1.0.2.tgz#b5fd54220aa2bc5ab57aab7140c940754503c1a7"

cryptiles@2.x.x:
  version "2.0.5"
  resolved "https://registry.yarnpkg.com/cryptiles/-/cryptiles-2.0.5.tgz#3bdfecdc608147c1c67202fa291e7dca59eaa3b8"
  dependencies:
    boom "2.x.x"

dashdash@^1.12.0:
  version "1.14.1"
  resolved "https://registry.yarnpkg.com/dashdash/-/dashdash-1.14.1.tgz#853cfa0f7cbe2fed5de20326b8dd581035f6e2f0"
  dependencies:
    assert-plus "^1.0.0"

dat-middleware@^1.8.1:
  version "1.10.4"
  resolved "https://registry.yarnpkg.com/dat-middleware/-/dat-middleware-1.10.4.tgz#4a1ee8d130be614dd80fd83b5cdab5cc64d615e2"
  dependencies:
    "101" "^0.8.2"
    boom "~2.4.0"
    callback-count "0.0.3"
    keypather "^1.8.1"
    middleware-flow "^0.6.1"

debug@1.0.4, debug@^1.0.4:
  version "1.0.4"
  resolved "https://registry.yarnpkg.com/debug/-/debug-1.0.4.tgz#5b9c256bd54b6ec02283176fa8a0ede6d154cbf8"
  dependencies:
    ms "0.6.2"

debug@2.6.1, debug@^2.0.0, debug@^2.2.0:
  version "2.6.1"
  resolved "https://registry.yarnpkg.com/debug/-/debug-2.6.1.tgz#79855090ba2c4e3115cc7d8769491d58f0491351"
  dependencies:
    ms "0.7.2"

deep-eql@0.1.3, deep-eql@^0.1.3:
  version "0.1.3"
  resolved "https://registry.yarnpkg.com/deep-eql/-/deep-eql-0.1.3.tgz#ef558acab8de25206cd713906d74e56930eb69f2"
  dependencies:
    type-detect "0.1.1"

deep-is@~0.1.2:
  version "0.1.3"
  resolved "https://registry.yarnpkg.com/deep-is/-/deep-is-0.1.3.tgz#b369d6fb5dbc13eecf524f91b070feedc357cf34"

delayed-stream@~1.0.0:
  version "1.0.0"
  resolved "https://registry.yarnpkg.com/delayed-stream/-/delayed-stream-1.0.0.tgz#df3ae199acadfb7d440aaae0b29e2272b24ec619"

depd@0.4.4:
  version "0.4.4"
  resolved "https://registry.yarnpkg.com/depd/-/depd-0.4.4.tgz#07091fae75f97828d89b4a02a2d4778f0e7c0662"

depd@~1.1.0:
  version "1.1.0"
  resolved "https://registry.yarnpkg.com/depd/-/depd-1.1.0.tgz#e1bd82c6aab6ced965b97b88b17ed3e528ca18c3"

diff@1.x.x:
  version "1.4.0"
  resolved "https://registry.yarnpkg.com/diff/-/diff-1.4.0.tgz#7f28d2eb9ee7b15a97efd89ce63dcfdaa3ccbabf"

doctrine@^0.5.2:
  version "0.5.2"
  resolved "https://registry.yarnpkg.com/doctrine/-/doctrine-0.5.2.tgz#9c9a7a9041e0f6003d661602b7ee309fd7d861f8"

ecc-jsbn@~0.1.1:
  version "0.1.1"
  resolved "https://registry.yarnpkg.com/ecc-jsbn/-/ecc-jsbn-0.1.1.tgz#0fc73a9ed5f0d53c38193398523ef7e543777505"
  dependencies:
    jsbn "~0.1.0"

ee-first@1.0.3:
  version "1.0.3"
  resolved "https://registry.yarnpkg.com/ee-first/-/ee-first-1.0.3.tgz#6c98c4089abecb5a7b85c1ac449aa603d3b3dabe"

ee-first@1.1.1:
  version "1.1.1"
  resolved "https://registry.yarnpkg.com/ee-first/-/ee-first-1.1.1.tgz#590c61156b0ae2f4f0255732a158b266bc56b21d"

escape-html@1.0.1:
  version "1.0.1"
  resolved "https://registry.yarnpkg.com/escape-html/-/escape-html-1.0.1.tgz#181a286ead397a39a92857cfb1d43052e356bff0"

escape-string-regexp@^1.0.0:
  version "1.0.5"
  resolved "https://registry.yarnpkg.com/escape-string-regexp/-/escape-string-regexp-1.0.5.tgz#1b61c0562190a8dff6ae3bb2cf0200ca130b86d4"

escope@~1.0.0:
  version "1.0.3"
  resolved "https://registry.yarnpkg.com/escope/-/escope-1.0.3.tgz#759dce8496c4248fec2d0caaf4108bcf3f1a7f5d"
  dependencies:
    estraverse "^2.0.0"

eslint@0.8.x:
  version "0.8.2"
  resolved "https://registry.yarnpkg.com/eslint/-/eslint-0.8.2.tgz#f2cab96f2f3b22b877947744f82d8b88edcc1dce"
  dependencies:
    chalk "~0.5.1"
    debug "^2.0.0"
    doctrine "^0.5.2"
    escope "~1.0.0"
    esprima "^1.2.2"
    estraverse "~1.5.1"
    js-yaml "~3.2.2"
    minimatch "^1.0.0"
    mkdirp "^0.5.0"
    object-assign "^1.0.0"
    optionator "^0.4.0"
    strip-json-comments "~1.0.1"
    text-table "~0.2.0"
    user-home "^1.0.0"
    xml-escape "~1.0.0"

esprima@1.x.x, esprima@^1.2.2:
  version "1.2.5"
  resolved "https://registry.yarnpkg.com/esprima/-/esprima-1.2.5.tgz#0993502feaf668138325756f30f9a51feeec11e9"

"esprima@~ 2.0.0":
  version "2.0.0"
  resolved "https://registry.yarnpkg.com/esprima/-/esprima-2.0.0.tgz#609ac5c2667eae5433b41eb9ecece2331b41498f"

estraverse@^2.0.0:
  version "2.0.0"
  resolved "https://registry.yarnpkg.com/estraverse/-/estraverse-2.0.0.tgz#5ae46963243600206674ccb24a09e16674fcdca1"

estraverse@~1.5.1:
  version "1.5.1"
  resolved "https://registry.yarnpkg.com/estraverse/-/estraverse-1.5.1.tgz#867a3e8e58a9f84618afb6c2ddbcd916b7cbaf71"

express-domain-middleware@^0.1.0:
  version "0.1.0"
  resolved "https://registry.yarnpkg.com/express-domain-middleware/-/express-domain-middleware-0.1.0.tgz#36731b7c1901284fbf4fb5a62b0e7b0457d8e8c5"

express@4.7.3:
  version "4.7.3"
  resolved "https://registry.yarnpkg.com/express/-/express-4.7.3.tgz#9fde138763113224c8204a48209511d0c2d27284"
  dependencies:
    accepts "~1.0.7"
    buffer-crc32 "0.2.3"
    cookie "0.1.2"
    cookie-signature "1.0.4"
    debug "1.0.4"
    depd "0.4.4"
    escape-html "1.0.1"
    finalhandler "0.1.0"
    fresh "0.2.2"
    media-typer "0.2.0"
    merge-descriptors "0.0.2"
    methods "1.1.0"
    parseurl "~1.2.0"
    path-to-regexp "0.1.3"
    proxy-addr "1.0.1"
    qs "0.6.6"
    range-parser "1.0.0"
    send "0.7.3"
    serve-static "~1.4.3"
    type-is "~1.3.2"
    utils-merge "1.0.0"
    vary "0.1.0"

extend@^1.3.0:
  version "1.3.0"
  resolved "https://registry.yarnpkg.com/extend/-/extend-1.3.0.tgz#d1516fb0ff5624d2ebf9123ea1dac5a1994004f8"

extend@^3.0.0, extend@~3.0.0:
  version "3.0.0"
  resolved "https://registry.yarnpkg.com/extend/-/extend-3.0.0.tgz#5a474353b9f3353ddd8176dfd37b91c83a46f1d4"

extsprintf@1.0.2:
  version "1.0.2"
  resolved "https://registry.yarnpkg.com/extsprintf/-/extsprintf-1.0.2.tgz#e1080e0658e300b06294990cc70e1502235fd550"

fast-levenshtein@~1.0.0:
  version "1.0.7"
  resolved "https://registry.yarnpkg.com/fast-levenshtein/-/fast-levenshtein-1.0.7.tgz#0178dcdee023b92905193af0959e8a7639cfdcb9"

finalhandler@0.1.0:
  version "0.1.0"
  resolved "https://registry.yarnpkg.com/finalhandler/-/finalhandler-0.1.0.tgz#da05bbc4f5f4a30c84ce1d91f3c154007c4e9daa"
  dependencies:
    debug "1.0.4"
    escape-html "1.0.1"

findit@^1.2.0:
  version "1.2.0"
  resolved "https://registry.yarnpkg.com/findit/-/findit-1.2.0.tgz#f571a3a840749ae8b0cbf4bf43ced7659eec3ce8"

finished@1.2.2:
  version "1.2.2"
  resolved "https://registry.yarnpkg.com/finished/-/finished-1.2.2.tgz#41608eafadfd65683b46a1220bc4b1ec3daedcd8"
  dependencies:
    ee-first "1.0.3"

forever-agent@~0.6.1:
  version "0.6.1"
  resolved "https://registry.yarnpkg.com/forever-agent/-/forever-agent-0.6.1.tgz#fbc71f0c41adeb37f96c577ad1ed42d8fdacca91"

form-data@^2.1.1, form-data@~2.1.1:
  version "2.1.2"
  resolved "https://registry.yarnpkg.com/form-data/-/form-data-2.1.2.tgz#89c3534008b97eada4cbb157d58f6f5df025eae4"
  dependencies:
    asynckit "^0.4.0"
    combined-stream "^1.0.5"
    mime-types "^2.1.12"

formidable@^1.1.1:
  version "1.1.1"
  resolved "https://registry.yarnpkg.com/formidable/-/formidable-1.1.1.tgz#96b8886f7c3c3508b932d6bd70c4d3a88f35f1a9"

fresh@0.2.2:
  version "0.2.2"
  resolved "https://registry.yarnpkg.com/fresh/-/fresh-0.2.2.tgz#9731dcf5678c7faeb44fb903c4f72df55187fa77"

fs.realpath@^1.0.0:
  version "1.0.0"
  resolved "https://registry.yarnpkg.com/fs.realpath/-/fs.realpath-1.0.0.tgz#1504ad2523158caa40db4a2787cb01411994ea4f"

getpass@^0.1.1:
  version "0.1.6"
  resolved "https://registry.yarnpkg.com/getpass/-/getpass-0.1.6.tgz#283ffd9fc1256840875311c1b60e8c40187110e6"
  dependencies:
    assert-plus "^1.0.0"

glob@^6.0.1:
  version "6.0.4"
  resolved "https://registry.yarnpkg.com/glob/-/glob-6.0.4.tgz#0f08860f6a155127b2fadd4f9ce24b1aab6e4d22"
  dependencies:
    inflight "^1.0.4"
    inherits "2"
    minimatch "2 || 3"
    once "^1.3.0"
    path-is-absolute "^1.0.0"

glob@^7.0.5:
  version "7.1.1"
  resolved "https://registry.yarnpkg.com/glob/-/glob-7.1.1.tgz#805211df04faaf1c63a3600306cdf5ade50b2ec8"
  dependencies:
    fs.realpath "^1.0.0"
    inflight "^1.0.4"
    inherits "2"
    minimatch "^3.0.2"
    once "^1.3.0"
    path-is-absolute "^1.0.0"

handlebars@1.x.x:
  version "1.3.0"
  resolved "https://registry.yarnpkg.com/handlebars/-/handlebars-1.3.0.tgz#9e9b130a93e389491322d975cf3ec1818c37ce34"
  dependencies:
    optimist "~0.3"
  optionalDependencies:
    uglify-js "~2.3"

har-schema@^1.0.5:
  version "1.0.5"
  resolved "https://registry.yarnpkg.com/har-schema/-/har-schema-1.0.5.tgz#d263135f43307c02c602afc8fe95970c0151369e"

har-validator@~4.2.1:
  version "4.2.1"
  resolved "https://registry.yarnpkg.com/har-validator/-/har-validator-4.2.1.tgz#33481d0f1bbff600dd203d75812a6a5fba002e2a"
  dependencies:
    ajv "^4.9.1"
    har-schema "^1.0.5"

has-ansi@^0.1.0:
  version "0.1.0"
  resolved "https://registry.yarnpkg.com/has-ansi/-/has-ansi-0.1.0.tgz#84f265aae8c0e6a88a12d7022894b7568894c62e"
  dependencies:
    ansi-regex "^0.2.0"

hawk@~3.1.3:
  version "3.1.3"
  resolved "https://registry.yarnpkg.com/hawk/-/hawk-3.1.3.tgz#078444bd7c1640b0fe540d2c9b73d59678e8e1c4"
  dependencies:
    boom "2.x.x"
    cryptiles "2.x.x"
    hoek "2.x.x"
    sntp "1.x.x"

hoek@2.x.x:
  version "2.16.3"
  resolved "https://registry.yarnpkg.com/hoek/-/hoek-2.16.3.tgz#20bb7403d3cea398e91dc4710a8ff1b8274a25ed"

http-signature@~1.1.0:
  version "1.1.1"
  resolved "https://registry.yarnpkg.com/http-signature/-/http-signature-1.1.1.tgz#df72e267066cd0ac67fb76adf8e134a8fbcf91bf"
  dependencies:
    assert-plus "^0.2.0"
    jsprim "^1.2.2"
    sshpk "^1.7.0"

iconv-lite@0.4.4:
  version "0.4.4"
  resolved "https://registry.yarnpkg.com/iconv-lite/-/iconv-lite-0.4.4.tgz#e95f2e41db0735fc21652f7827a5ee32e63c83a8"

inflight@^1.0.4:
  version "1.0.6"
  resolved "https://registry.yarnpkg.com/inflight/-/inflight-1.0.6.tgz#49bd6331d7d02d0c09bc910a1075ba8165b56df9"
  dependencies:
    once "^1.3.0"
    wrappy "1"

inherits@2, inherits@~2.0.1:
  version "2.0.3"
  resolved "https://registry.yarnpkg.com/inherits/-/inherits-2.0.3.tgz#633c2c83e3da42a502f52466022480f4208261de"

ipaddr.js@0.1.2:
  version "0.1.2"
  resolved "https://registry.yarnpkg.com/ipaddr.js/-/ipaddr.js-0.1.2.tgz#6a1fd3d854f5002965c34d7bbcd9b4a8d4b0467e"

is-typedarray@~1.0.0:
  version "1.0.0"
  resolved "https://registry.yarnpkg.com/is-typedarray/-/is-typedarray-1.0.0.tgz#e479c80858df0c1b11ddda6940f96011fcda4a9a"

isarray@~1.0.0:
  version "1.0.0"
  resolved "https://registry.yarnpkg.com/isarray/-/isarray-1.0.0.tgz#bb935d48582cba168c06834957a54a3e07124f11"

isstream@~0.1.2:
  version "0.1.2"
  resolved "https://registry.yarnpkg.com/isstream/-/isstream-0.1.2.tgz#47e63f7af55afa6f92e1500e690eb8b8529c099a"

items@1.x.x:
  version "1.1.1"
  resolved "https://registry.yarnpkg.com/items/-/items-1.1.1.tgz#435b5dd21bca28b3cfd25bb5c6b278b715010fd9"

jodid25519@^1.0.0:
  version "1.0.2"
  resolved "https://registry.yarnpkg.com/jodid25519/-/jodid25519-1.0.2.tgz#06d4912255093419477d425633606e0e90782967"
  dependencies:
    jsbn "~0.1.0"

js-yaml@~3.2.2:
  version "3.2.7"
  resolved "https://registry.yarnpkg.com/js-yaml/-/js-yaml-3.2.7.tgz#102790f265d986fe95a4d0f2a792e7a7bd886eec"
  dependencies:
    argparse "~ 1.0.0"
    esprima "~ 2.0.0"

jsbn@~0.1.0:
  version "0.1.1"
  resolved "https://registry.yarnpkg.com/jsbn/-/jsbn-0.1.1.tgz#a5e654c2e5a2deb5f201d96cefbca80c0ef2f513"

json-schema@0.2.3:
  version "0.2.3"
  resolved "https://registry.yarnpkg.com/json-schema/-/json-schema-0.2.3.tgz#b480c892e59a2f05954ce727bd3f2a4e882f9e13"

json-stable-stringify@^1.0.1:
  version "1.0.1"
  resolved "https://registry.yarnpkg.com/json-stable-stringify/-/json-stable-stringify-1.0.1.tgz#9a759d39c5f2ff503fd5300646ed445f88c4f9af"
  dependencies:
    jsonify "~0.0.0"

json-stringify-safe@~5.0.1:
  version "5.0.1"
  resolved "https://registry.yarnpkg.com/json-stringify-safe/-/json-stringify-safe-5.0.1.tgz#1296a2d58fd45f19a0f6ce01d65701e2c735b6eb"

jsonify@~0.0.0:
  version "0.0.0"
  resolved "https://registry.yarnpkg.com/jsonify/-/jsonify-0.0.0.tgz#2c74b6ee41d93ca51b7b5aaee8f503631d252a73"

jsprim@^1.2.2:
  version "1.3.1"
  resolved "https://registry.yarnpkg.com/jsprim/-/jsprim-1.3.1.tgz#2a7256f70412a29ee3670aaca625994c4dcff252"
  dependencies:
    extsprintf "1.0.2"
    json-schema "0.2.3"
    verror "1.3.6"

keypather@^1.10.2, keypather@^1.6.0, keypather@^1.8.1:
  version "1.10.2"
  resolved "https://registry.yarnpkg.com/keypather/-/keypather-1.10.2.tgz#e0449632d4b3e516f21cc014ce7c5644fddce614"
  dependencies:
    "101" "^1.0.0"

lab@^4.7.0:
  version "4.7.0"
  resolved "https://registry.yarnpkg.com/lab/-/lab-4.7.0.tgz#8d6d303e24571773029f63d44f2a904dd0655346"
  dependencies:
    bossy "1.x.x"
    chai "1.x.x"
    diff "1.x.x"
    eslint "0.8.x"
    esprima "1.x.x"
    handlebars "1.x.x"
    hoek "2.x.x"
    items "1.x.x"
    source-map-support "0.2.x"

levn@~0.2.5:
  version "0.2.5"
  resolved "https://registry.yarnpkg.com/levn/-/levn-0.2.5.tgz#ba8d339d0ca4a610e3a3f145b9caf48807155054"
  dependencies:
    prelude-ls "~1.1.0"
    type-check "~0.3.1"

lodash@*, lodash@^4.14.0:
  version "4.17.4"
  resolved "https://registry.yarnpkg.com/lodash/-/lodash-4.17.4.tgz#78203a4d1c328ae1d86dca6460e369b57f4055ae"

lru-cache@2:
  version "2.7.3"
  resolved "https://registry.yarnpkg.com/lru-cache/-/lru-cache-2.7.3.tgz#6d4524e8b955f95d4f5b58851ce21dd72fb4e952"

media-typer@0.2.0:
  version "0.2.0"
  resolved "https://registry.yarnpkg.com/media-typer/-/media-typer-0.2.0.tgz#d8a065213adfeaa2e76321a2b6dda36ff6335984"

merge-descriptors@0.0.2:
  version "0.0.2"
  resolved "https://registry.yarnpkg.com/merge-descriptors/-/merge-descriptors-0.0.2.tgz#c36a52a781437513c57275f39dd9d317514ac8c7"

methods@1.1.0:
  version "1.1.0"
  resolved "https://registry.yarnpkg.com/methods/-/methods-1.1.0.tgz#5dca4ee12df52ff3b056145986a8f01cbc86436f"

methods@^1.1.1, methods@~1.1.2:
  version "1.1.2"
  resolved "https://registry.yarnpkg.com/methods/-/methods-1.1.2.tgz#5529a4d67654134edcc5266656835b0f851afcee"

middleware-flow@^0.5.1:
  version "0.5.1"
  resolved "https://registry.yarnpkg.com/middleware-flow/-/middleware-flow-0.5.1.tgz#8559432a6ef50eb072d827eaf097fc0bf782a755"
  dependencies:
    "101" "^0.6.0"
    callback-count "0.0.3"

middleware-flow@^0.6.1:
  version "0.6.1"
  resolved "https://registry.yarnpkg.com/middleware-flow/-/middleware-flow-0.6.1.tgz#139440fda7b9eee36ba93542b093c418f2344a7c"
  dependencies:
    "101" "^0.6.0"
    callback-count "0.0.3"

mime-db@~1.26.0:
  version "1.26.0"
  resolved "https://registry.yarnpkg.com/mime-db/-/mime-db-1.26.0.tgz#eaffcd0e4fc6935cf8134da246e2e6c35305adff"

mime-types@^2.1.12, mime-types@~2.1.7:
  version "2.1.14"
  resolved "https://registry.yarnpkg.com/mime-types/-/mime-types-2.1.14.tgz#f7ef7d97583fcaf3b7d282b6f8b5679dab1e94ee"
  dependencies:
    mime-db "~1.26.0"

mime-types@~1.0.0, mime-types@~1.0.1:
  version "1.0.2"
  resolved "https://registry.yarnpkg.com/mime-types/-/mime-types-1.0.2.tgz#995ae1392ab8affcbfcb2641dd054e943c0d5dce"

mime@1.2.11:
  version "1.2.11"
  resolved "https://registry.yarnpkg.com/mime/-/mime-1.2.11.tgz#58203eed86e3a5ef17aed2b7d9ebd47f0a60dd10"

mime@^1.2.11, mime@^1.3.4:
  version "1.3.4"
  resolved "https://registry.yarnpkg.com/mime/-/mime-1.3.4.tgz#115f9e3b6b3daf2959983cb38f149a2d40eb5d53"

"minimatch@2 || 3", minimatch@^3.0.2:
  version "3.0.3"
  resolved "https://registry.yarnpkg.com/minimatch/-/minimatch-3.0.3.tgz#2a4e4090b96b2db06a9d7df01055a62a77c9b774"
  dependencies:
    brace-expansion "^1.0.0"

minimatch@^1.0.0:
  version "1.0.0"
  resolved "https://registry.yarnpkg.com/minimatch/-/minimatch-1.0.0.tgz#e0dd2120b49e1b724ce8d714c520822a9438576d"
  dependencies:
    lru-cache "2"
    sigmund "~1.0.0"

minimist@0.0.8:
  version "0.0.8"
  resolved "https://registry.yarnpkg.com/minimist/-/minimist-0.0.8.tgz#857fcabfc3397d2625b8228262e86aa7a011b05d"

mkdirp@^0.5.0, mkdirp@~0.5.1:
  version "0.5.1"
  resolved "https://registry.yarnpkg.com/mkdirp/-/mkdirp-0.5.1.tgz#30057438eac6cf7f8c4767f38648d6697d75c903"
  dependencies:
    minimist "0.0.8"

morgan@^1.2.3:
  version "1.8.1"
  resolved "https://registry.yarnpkg.com/morgan/-/morgan-1.8.1.tgz#f93023d3887bd27b78dfd6023cea7892ee27a4b1"
  dependencies:
    basic-auth "~1.1.0"
    debug "2.6.1"
    depd "~1.1.0"
    on-finished "~2.3.0"
    on-headers "~1.0.1"

ms@0.6.2:
  version "0.6.2"
  resolved "https://registry.yarnpkg.com/ms/-/ms-0.6.2.tgz#d89c2124c6fdc1353d65a8b77bf1aac4b193708c"

ms@0.7.2:
  version "0.7.2"
  resolved "https://registry.yarnpkg.com/ms/-/ms-0.7.2.tgz#ae25cf2512b3885a1d95d7f037868d8431124765"

mv@^2.0.0:
  version "2.1.1"
  resolved "https://registry.yarnpkg.com/mv/-/mv-2.1.1.tgz#ae6ce0d6f6d5e0a4f7d893798d03c1ea9559b6a2"
  dependencies:
    mkdirp "~0.5.1"
    ncp "~2.0.0"
    rimraf "~2.4.0"

ncp@~2.0.0:
  version "2.0.0"
  resolved "https://registry.yarnpkg.com/ncp/-/ncp-2.0.0.tgz#195a21d6c46e361d2fb1281ba38b91e9df7bdbb3"

negotiator@0.4.7:
  version "0.4.7"
  resolved "https://registry.yarnpkg.com/negotiator/-/negotiator-0.4.7.tgz#a4160f7177ec806738631d0d3052325da42abdc8"

oauth-sign@~0.8.1:
  version "0.8.2"
  resolved "https://registry.yarnpkg.com/oauth-sign/-/oauth-sign-0.8.2.tgz#46a6ab7f0aead8deae9ec0565780b7d4efeb9d43"

object-assign@^1.0.0:
  version "1.0.0"
  resolved "https://registry.yarnpkg.com/object-assign/-/object-assign-1.0.0.tgz#e65dc8766d3b47b4b8307465c8311da030b070a6"

on-finished@~2.3.0:
  version "2.3.0"
  resolved "https://registry.yarnpkg.com/on-finished/-/on-finished-2.3.0.tgz#20f1336481b083cd75337992a16971aa2d906947"
  dependencies:
    ee-first "1.1.1"

on-headers@~1.0.1:
  version "1.0.1"
  resolved "https://registry.yarnpkg.com/on-headers/-/on-headers-1.0.1.tgz#928f5d0f470d49342651ea6794b0857c100693f7"

once@^1.3.0:
  version "1.4.0"
  resolved "https://registry.yarnpkg.com/once/-/once-1.4.0.tgz#583b1aa775961d4b113ac17d9c50baef9dd76bd1"
  dependencies:
    wrappy "1"

optimist@~0.3, optimist@~0.3.5:
  version "0.3.7"
  resolved "https://registry.yarnpkg.com/optimist/-/optimist-0.3.7.tgz#c90941ad59e4273328923074d2cf2e7cbc6ec0d9"
  dependencies:
    wordwrap "~0.0.2"

optionator@^0.4.0:
  version "0.4.0"
  resolved "https://registry.yarnpkg.com/optionator/-/optionator-0.4.0.tgz#e79c7926ff7d550f92c714dfc3da21d7877ebea6"
  dependencies:
    deep-is "~0.1.2"
    fast-levenshtein "~1.0.0"
    levn "~0.2.5"
    prelude-ls "~1.1.0"
    type-check "~0.3.1"
    wordwrap "~0.0.2"

parseurl@~1.2.0:
  version "1.2.0"
  resolved "https://registry.yarnpkg.com/parseurl/-/parseurl-1.2.0.tgz#be7df2d698eb49ffb10ea62939693e152991c008"

path-is-absolute@^1.0.0:
  version "1.0.1"
  resolved "https://registry.yarnpkg.com/path-is-absolute/-/path-is-absolute-1.0.1.tgz#174b9268735534ffbc7ace6bf53a5a9e1b5c5f5f"

path-to-regexp@0.1.3:
  version "0.1.3"
  resolved "https://registry.yarnpkg.com/path-to-regexp/-/path-to-regexp-0.1.3.tgz#21b9ab82274279de25b156ea08fd12ca51b8aecb"

performance-now@^0.2.0:
  version "0.2.0"
  resolved "https://registry.yarnpkg.com/performance-now/-/performance-now-0.2.0.tgz#33ef30c5c77d4ea21c5a53869d91b56d8f2555e5"

prelude-ls@~1.1.0, prelude-ls@~1.1.2:
  version "1.1.2"
  resolved "https://registry.yarnpkg.com/prelude-ls/-/prelude-ls-1.1.2.tgz#21932a549f5e52ffd9a827f570e04be62a97da54"

process-nextick-args@~1.0.6:
  version "1.0.7"
  resolved "https://registry.yarnpkg.com/process-nextick-args/-/process-nextick-args-1.0.7.tgz#150e20b756590ad3f91093f25a4f2ad8bff30ba3"

proxy-addr@1.0.1:
  version "1.0.1"
  resolved "https://registry.yarnpkg.com/proxy-addr/-/proxy-addr-1.0.1.tgz#c7c566d5eb4e3fad67eeb9c77c5558ccc39b88a8"
  dependencies:
    ipaddr.js "0.1.2"

punycode@^1.4.1:
  version "1.4.1"
  resolved "https://registry.yarnpkg.com/punycode/-/punycode-1.4.1.tgz#c0d5a63b2718800ad8e1eb0fa5269c84dd41845e"

qs@0.6.6:
  version "0.6.6"
  resolved "https://registry.yarnpkg.com/qs/-/qs-0.6.6.tgz#6e015098ff51968b8a3c819001d5f2c89bc4b107"

qs@^6.1.0, qs@~6.4.0:
  version "6.4.0"
  resolved "https://registry.yarnpkg.com/qs/-/qs-6.4.0.tgz#13e26d28ad6b0ffaa91312cd3bf708ed351e7233"

range-parser@1.0.0, range-parser@~1.0.0:
  version "1.0.0"
  resolved "https://registry.yarnpkg.com/range-parser/-/range-parser-1.0.0.tgz#a4b264cfe0be5ce36abe3765ac9c2a248746dbc0"

raw-body@1.3.0:
  version "1.3.0"
  resolved "https://registry.yarnpkg.com/raw-body/-/raw-body-1.3.0.tgz#978230a156a5548f42eef14de22d0f4f610083d1"
  dependencies:
    bytes "1"
    iconv-lite "0.4.4"

readable-stream@^2.0.5:
  version "2.2.3"
  resolved "https://registry.yarnpkg.com/readable-stream/-/readable-stream-2.2.3.tgz#9cf49463985df016c8ae8813097a9293a9b33729"
  dependencies:
    buffer-shims "^1.0.0"
    core-util-is "~1.0.0"
    inherits "~2.0.1"
    isarray "~1.0.0"
    process-nextick-args "~1.0.6"
    string_decoder "~0.10.x"
    util-deprecate "~1.0.1"

request@^2.40.0:
  version "2.81.0"
  resolved "https://registry.yarnpkg.com/request/-/request-2.81.0.tgz#c6928946a0e06c5f8d6f8a9333469ffda46298a0"
  dependencies:
    aws-sign2 "~0.6.0"
    aws4 "^1.2.1"
    caseless "~0.12.0"
    combined-stream "~1.0.5"
    extend "~3.0.0"
    forever-agent "~0.6.1"
    form-data "~2.1.1"
    har-validator "~4.2.1"
    hawk "~3.1.3"
    http-signature "~1.1.0"
    is-typedarray "~1.0.0"
    isstream "~0.1.2"
    json-stringify-safe "~5.0.1"
    mime-types "~2.1.7"
    oauth-sign "~0.8.1"
    performance-now "^0.2.0"
    qs "~6.4.0"
    safe-buffer "^5.0.1"
    stringstream "~0.0.4"
    tough-cookie "~2.3.0"
    tunnel-agent "^0.6.0"
    uuid "^3.0.0"

rimraf@^2.2.8:
  version "2.6.1"
  resolved "https://registry.yarnpkg.com/rimraf/-/rimraf-2.6.1.tgz#c2338ec643df7a1b7fe5c54fa86f57428a55f33d"
  dependencies:
    glob "^7.0.5"

rimraf@~2.4.0:
  version "2.4.5"
  resolved "https://registry.yarnpkg.com/rimraf/-/rimraf-2.4.5.tgz#ee710ce5d93a8fdb856fb5ea8ff0e2d75934b2da"
  dependencies:
    glob "^6.0.1"

safe-buffer@^5.0.1:
  version "5.0.1"
  resolved "https://registry.yarnpkg.com/safe-buffer/-/safe-buffer-5.0.1.tgz#d263ca54696cd8a306b5ca6551e92de57918fbe7"

send@0.7.3:
  version "0.7.3"
  resolved "https://registry.yarnpkg.com/send/-/send-0.7.3.tgz#2caa2e2627d2f9c2d109d3f5c2942935480aa993"
  dependencies:
    debug "1.0.4"
    depd "0.4.4"
    escape-html "1.0.1"
    finished "1.2.2"
    fresh "0.2.2"
    mime "1.2.11"
    ms "0.6.2"
    range-parser "~1.0.0"

send@0.7.4:
  version "0.7.4"
  resolved "https://registry.yarnpkg.com/send/-/send-0.7.4.tgz#c80a084cb8eb940345f3ab4ce9e4ee25cb6647cb"
  dependencies:
    debug "1.0.4"
    depd "0.4.4"
    escape-html "1.0.1"
    finished "1.2.2"
    fresh "0.2.2"
    mime "1.2.11"
    ms "0.6.2"
    range-parser "~1.0.0"

serve-static@~1.4.3:
  version "1.4.4"
  resolved "https://registry.yarnpkg.com/serve-static/-/serve-static-1.4.4.tgz#9dc99f37a2c5e28cda2fe6045114620a62032f29"
  dependencies:
    escape-html "1.0.1"
    parseurl "~1.2.0"
    send "0.7.4"

sigmund@~1.0.0:
  version "1.0.1"
  resolved "https://registry.yarnpkg.com/sigmund/-/sigmund-1.0.1.tgz#3ff21f198cad2175f9f3b781853fd94d0d19b590"

sntp@1.x.x:
  version "1.0.9"
  resolved "https://registry.yarnpkg.com/sntp/-/sntp-1.0.9.tgz#6541184cc90aeea6c6e7b35e2659082443c66198"
  dependencies:
    hoek "2.x.x"

source-map-support@0.2.x:
  version "0.2.10"
  resolved "https://registry.yarnpkg.com/source-map-support/-/source-map-support-0.2.10.tgz#ea5a3900a1c1cb25096a0ae8cc5c2b4b10ded3dc"
  dependencies:
    source-map "0.1.32"

source-map@0.1.32, source-map@~0.1.7:
  version "0.1.32"
  resolved "https://registry.yarnpkg.com/source-map/-/source-map-0.1.32.tgz#c8b6c167797ba4740a8ea33252162ff08591b266"
  dependencies:
    amdefine ">=0.0.4"

sprintf-js@~1.0.2:
  version "1.0.3"
  resolved "https://registry.yarnpkg.com/sprintf-js/-/sprintf-js-1.0.3.tgz#04e6926f662895354f3dd015203633b857297e2c"

sshpk@^1.7.0:
  version "1.11.0"
  resolved "https://registry.yarnpkg.com/sshpk/-/sshpk-1.11.0.tgz#2d8d5ebb4a6fab28ffba37fa62a90f4a3ea59d77"
  dependencies:
    asn1 "~0.2.3"
    assert-plus "^1.0.0"
    dashdash "^1.12.0"
    getpass "^0.1.1"
  optionalDependencies:
    bcrypt-pbkdf "^1.0.0"
    ecc-jsbn "~0.1.1"
    jodid25519 "^1.0.0"
    jsbn "~0.1.0"
    tweetnacl "~0.14.0"

string_decoder@~0.10.x:
  version "0.10.31"
  resolved "https://registry.yarnpkg.com/string_decoder/-/string_decoder-0.10.31.tgz#62e203bc41766c6c28c9fc84301dab1c5310fa94"

stringstream@~0.0.4:
  version "0.0.5"
  resolved "https://registry.yarnpkg.com/stringstream/-/stringstream-0.0.5.tgz#4e484cd4de5a0bbbee18e46307710a8a81621878"

strip-ansi@^0.3.0:
  version "0.3.0"
  resolved "https://registry.yarnpkg.com/strip-ansi/-/strip-ansi-0.3.0.tgz#25f48ea22ca79187f3174a4db8759347bb126220"
  dependencies:
    ansi-regex "^0.2.1"

strip-json-comments@~1.0.1:
  version "1.0.4"
  resolved "https://registry.yarnpkg.com/strip-json-comments/-/strip-json-comments-1.0.4.tgz#1e15fbcac97d3ee99bf2d73b4c656b082bbafb91"

superagent@^3.0.0:
  version "3.5.0"
  resolved "https://registry.yarnpkg.com/superagent/-/superagent-3.5.0.tgz#56872b8e1ee6de994035ada2e53266899af95a6d"
  dependencies:
    component-emitter "^1.2.0"
    cookiejar "^2.0.6"
    debug "^2.2.0"
    extend "^3.0.0"
    form-data "^2.1.1"
    formidable "^1.1.1"
    methods "^1.1.1"
    mime "^1.3.4"
    qs "^6.1.0"
    readable-stream "^2.0.5"

supertest@*:
  version "3.0.0"
  resolved "https://registry.yarnpkg.com/supertest/-/supertest-3.0.0.tgz#8d4bb68fd1830ee07033b1c5a5a9a4021c965296"
  dependencies:
    methods "~1.1.2"
    superagent "^3.0.0"

supports-color@^0.2.0:
  version "0.2.0"
  resolved "https://registry.yarnpkg.com/supports-color/-/supports-color-0.2.0.tgz#d92de2694eb3f67323973d7ae3d8b55b4c22190a"

text-table@~0.2.0:
  version "0.2.0"
  resolved "https://registry.yarnpkg.com/text-table/-/text-table-0.2.0.tgz#7f5ee823ae805207c00af2df4a84ec3fcfa570b4"

tough-cookie@~2.3.0:
  version "2.3.2"
  resolved "https://registry.yarnpkg.com/tough-cookie/-/tough-cookie-2.3.2.tgz#f081f76e4c85720e6c37a5faced737150d84072a"
  dependencies:
    punycode "^1.4.1"

tunnel-agent@^0.6.0:
  version "0.6.0"
  resolved "https://registry.yarnpkg.com/tunnel-agent/-/tunnel-agent-0.6.0.tgz#27a5dea06b36b04a0a9966774b290868f0fc40fd"
  dependencies:
    safe-buffer "^5.0.1"

tweetnacl@^0.14.3, tweetnacl@~0.14.0:
  version "0.14.5"
  resolved "https://registry.yarnpkg.com/tweetnacl/-/tweetnacl-0.14.5.tgz#5ae68177f192d4456269d108afa93ff8743f4f64"

type-check@~0.3.1:
  version "0.3.2"
  resolved "https://registry.yarnpkg.com/type-check/-/type-check-0.3.2.tgz#5884cab512cf1d355e3fb784f30804b2b520db72"
  dependencies:
    prelude-ls "~1.1.2"

type-detect@0.1.1:
  version "0.1.1"
  resolved "https://registry.yarnpkg.com/type-detect/-/type-detect-0.1.1.tgz#0ba5ec2a885640e470ea4e8505971900dac58822"

type-is@~1.3.2:
  version "1.3.2"
  resolved "https://registry.yarnpkg.com/type-is/-/type-is-1.3.2.tgz#4f2a5dc58775ca1630250afc7186f8b36309d1bb"
  dependencies:
    media-typer "0.2.0"
    mime-types "~1.0.1"

uglify-js@~2.3:
  version "2.3.6"
  resolved "https://registry.yarnpkg.com/uglify-js/-/uglify-js-2.3.6.tgz#fa0984770b428b7a9b2a8058f46355d14fef211a"
  dependencies:
    async "~0.2.6"
    optimist "~0.3.5"
    source-map "~0.1.7"

user-home@^1.0.0:
  version "1.1.1"
  resolved "https://registry.yarnpkg.com/user-home/-/user-home-1.1.1.tgz#2b5be23a32b63a7c9deb8d0f28d485724a3df190"

util-deprecate@~1.0.1:
  version "1.0.2"
  resolved "https://registry.yarnpkg.com/util-deprecate/-/util-deprecate-1.0.2.tgz#450d4dc9fa70de732762fbd2d4a28981419a0ccf"

utils-merge@1.0.0:
  version "1.0.0"
  resolved "https://registry.yarnpkg.com/utils-merge/-/utils-merge-1.0.0.tgz#0294fb922bb9375153541c4f7096231f287c8af8"

uuid@^3.0.0:
  version "3.0.1"
  resolved "https://registry.yarnpkg.com/uuid/-/uuid-3.0.1.tgz#6544bba2dfda8c1cf17e629a3a305e2bb1fee6c1"

vary@0.1.0:
  version "0.1.0"
  resolved "https://registry.yarnpkg.com/vary/-/vary-0.1.0.tgz#df0945899e93c0cc5bd18cc8321d9d21e74f6176"

verror@1.3.6:
  version "1.3.6"
  resolved "https://registry.yarnpkg.com/verror/-/verror-1.3.6.tgz#cff5df12946d297d2baaefaa2689e25be01c005c"
  dependencies:
    extsprintf "1.0.2"

walkdir@*:
  version "0.0.11"
  resolved "https://registry.yarnpkg.com/walkdir/-/walkdir-0.0.11.tgz#a16d025eb931bd03b52f308caed0f40fcebe9532"

wordwrap@~0.0.2:
  version "0.0.3"
  resolved "https://registry.yarnpkg.com/wordwrap/-/wordwrap-0.0.3.tgz#a3d5da6cd5c0bc0008d37234bbaf1bed63059107"

wrappy@1:
  version "1.0.2"
  resolved "https://registry.yarnpkg.com/wrappy/-/wrappy-1.0.2.tgz#b5243d8f3ec1aa35f1364605bc0d1036e30ab69f"

xml-escape@~1.0.0:
  version "1.0.0"
  resolved "https://registry.yarnpkg.com/xml-escape/-/xml-escape-1.0.0.tgz#00963d697b2adf0c185c4e04e73174ba9b288eb2"
